
Microsoft Visual Studio Solution File, Format Version 12.00
# Visual Studio Version 16
VisualStudioVersion = 16.0.29306.81
MinimumVisualStudioVersion = 10.0.40219.1
Project("{9A19103F-16F7-4668-BE54-9A1E7A4F7556}") = "Sero.Loxy", "Sero.Loxy\Sero.Loxy.csproj", "{74BEC4DD-6B88-4246-994A-6FF0E2585E79}"
EndProject
Project("{9A19103F-16F7-4668-BE54-9A1E7A4F7556}") = "Sero.Loxy.EfCore", "Sero.Loxy.EfCore\Sero.Loxy.EfCore.csproj", "{70724C26-2565-4B47-9C3E-402B13790B75}"
EndProject
Project("{9A19103F-16F7-4668-BE54-9A1E7A4F7556}") = "TestWeb", "TestWeb\TestWeb.csproj", "{38F670A7-C8A5-4BEC-B7E2-90A88E88487C}"
EndProject
Global
	GlobalSection(SolutionConfigurationPlatforms) = preSolution
		Debug|Any CPU = Debug|Any CPU
		Release|Any CPU = Release|Any CPU
	EndGlobalSection
	GlobalSection(ProjectConfigurationPlatforms) = postSolution
		{74BEC4DD-6B88-4246-994A-6FF0E2585E79}.Debug|Any CPU.ActiveCfg = Debug|Any CPU
		{74BEC4DD-6B88-4246-994A-6FF0E2585E79}.Debug|Any CPU.Build.0 = Debug|Any CPU
		{74BEC4DD-6B88-4246-994A-6FF0E2585E79}.Release|Any CPU.ActiveCfg = Release|Any CPU
		{74BEC4DD-6B88-4246-994A-6FF0E2585E79}.Release|Any CPU.Build.0 = Release|Any CPU
		{70724C26-2565-4B47-9C3E-402B13790B75}.Debug|Any CPU.ActiveCfg = Debug|Any CPU
		{70724C26-2565-4B47-9C3E-402B13790B75}.Debug|Any CPU.Build.0 = Debug|Any CPU
		{70724C26-2565-4B47-9C3E-402B13790B75}.Release|Any CPU.ActiveCfg = Release|Any CPU
		{70724C26-2565-4B47-9C3E-402B13790B75}.Release|Any CPU.Build.0 = Release|Any CPU
		{38F670A7-C8A5-4BEC-B7E2-90A88E88487C}.Debug|Any CPU.ActiveCfg = Debug|Any CPU
		{38F670A7-C8A5-4BEC-B7E2-90A88E88487C}.Debug|Any CPU.Build.0 = Debug|Any CPU
		{38F670A7-C8A5-4BEC-B7E2-90A88E88487C}.Release|Any CPU.ActiveCfg = Release|Any CPU
		{38F670A7-C8A5-4BEC-B7E2-90A88E88487C}.Release|Any CPU.Build.0 = Release|Any CPU
	EndGlobalSection
	GlobalSection(SolutionProperties) = preSolution
		HideSolutionNode = FALSE
	EndGlobalSection
	GlobalSection(ExtensibilityGlobals) = postSolution
		SolutionGuid = {20D3EEC6-D335-490C-BCB7-20AB5E63A64F}
	EndGlobalSection
EndGlobal
